
Microsoft Visual Studio Solution File, Format Version 12.00
# Visual Studio Version 17
VisualStudioVersion = 17.9.34622.214
MinimumVisualStudioVersion = 10.0.40219.1
Project("{FAE04EC0-301F-11D3-BF4B-00C04F79EFBC}") = "RegistrationForm", "RegistrationForm\RegistrationForm.csproj", "{AEFD532F-94BB-4140-986E-1C4F7654DFE3}"
EndProject
Global
	GlobalSection(SolutionConfigurationPlatforms) = preSolution
		Debug|Any CPU = Debug|Any CPU
		Release|Any CPU = Release|Any CPU
	EndGlobalSection
	GlobalSection(ProjectConfigurationPlatforms) = postSolution
		{AEFD532F-94BB-4140-986E-1C4F7654DFE3}.Debug|Any CPU.ActiveCfg = Debug|Any CPU
		{AEFD532F-94BB-4140-986E-1C4F7654DFE3}.Debug|Any CPU.Build.0 = Debug|Any CPU
		{AEFD532F-94BB-4140-986E-1C4F7654DFE3}.Release|Any CPU.ActiveCfg = Release|Any CPU
		{AEFD532F-94BB-4140-986E-1C4F7654DFE3}.Release|Any CPU.Build.0 = Release|Any CPU
	EndGlobalSection
	GlobalSection(SolutionProperties) = preSolution
		HideSolutionNode = FALSE
	EndGlobalSection
	GlobalSection(ExtensibilityGlobals) = postSolution
		SolutionGuid = {939F6925-3B74-4009-98F2-437F9DBF17A3}
	EndGlobalSection
EndGlobal
